
Microsoft Visual Studio Solution File, Format Version 12.00
# Visual Studio Version 16
VisualStudioVersion = 16.0.31005.135
MinimumVisualStudioVersion = 10.0.40219.1
Project("{FAE04EC0-301F-11D3-BF4B-00C04F79EFBC}") = "Serval", "Serval\Serval.csproj", "{08BA6484-49D4-4A13-92C5-4CB9584FDD9B}"
EndProject
Global
	GlobalSection(SolutionConfigurationPlatforms) = preSolution
		Debug|Any CPU = Debug|Any CPU
		Release|Any CPU = Release|Any CPU
	EndGlobalSection
	GlobalSection(ProjectConfigurationPlatforms) = postSolution
		{08BA6484-49D4-4A13-92C5-4CB9584FDD9B}.Debug|Any CPU.ActiveCfg = Debug|Any CPU
		{08BA6484-49D4-4A13-92C5-4CB9584FDD9B}.Debug|Any CPU.Build.0 = Debug|Any CPU
		{08BA6484-49D4-4A13-92C5-4CB9584FDD9B}.Release|Any CPU.ActiveCfg = Release|Any CPU
		{08BA6484-49D4-4A13-92C5-4CB9584FDD9B}.Release|Any CPU.Build.0 = Release|Any CPU
	EndGlobalSection
	GlobalSection(SolutionProperties) = preSolution
		HideSolutionNode = FALSE
	EndGlobalSection
	GlobalSection(ExtensibilityGlobals) = postSolution
		SolutionGuid = {025C3494-6341-4DC6-9863-706B5BAFD3B5}
	EndGlobalSection
EndGlobal
