
Microsoft Visual Studio Solution File, Format Version 12.00
# Visual Studio Version 17
VisualStudioVersion = 17.0.31903.59
MinimumVisualStudioVersion = 10.0.40219.1
Project("{9A19103F-16F7-4668-BE54-9A1E7A4F7556}") = "Serval", "Serval\Serval.csproj", "{08BA6484-49D4-4A13-92C5-4CB9584FDD9B}"
EndProject
Project("{2150E333-8FDC-42A3-9474-1A3956D46DE8}") = "Misc", "Misc", "{06D28DAC-BB37-487E-8C94-70484440BF9E}"
	ProjectSection(SolutionItems) = preProject
		.gitignore = .gitignore
		README.md = README.md
	EndProjectSection
EndProject
Global
	GlobalSection(SolutionConfigurationPlatforms) = preSolution
		Debug|Any CPU = Debug|Any CPU
		Release|Any CPU = Release|Any CPU
	EndGlobalSection
	GlobalSection(ProjectConfigurationPlatforms) = postSolution
		{08BA6484-49D4-4A13-92C5-4CB9584FDD9B}.Debug|Any CPU.ActiveCfg = Debug|Any CPU
		{08BA6484-49D4-4A13-92C5-4CB9584FDD9B}.Debug|Any CPU.Build.0 = Debug|Any CPU
		{08BA6484-49D4-4A13-92C5-4CB9584FDD9B}.Release|Any CPU.ActiveCfg = Release|Any CPU
		{08BA6484-49D4-4A13-92C5-4CB9584FDD9B}.Release|Any CPU.Build.0 = Release|Any CPU
	EndGlobalSection
	GlobalSection(SolutionProperties) = preSolution
		HideSolutionNode = FALSE
	EndGlobalSection
	GlobalSection(ExtensibilityGlobals) = postSolution
		SolutionGuid = {025C3494-6341-4DC6-9863-706B5BAFD3B5}
	EndGlobalSection
EndGlobal
